
Microsoft Visual Studio Solution File, Format Version 12.00
# Visual Studio Version 16
VisualStudioVersion = 16.0.31729.503
MinimumVisualStudioVersion = 10.0.40219.1
Project("{2150E333-8FDC-42A3-9474-1A3956D46DE8}") = "ShopManagement", "ShopManagement", "{6C5E1BDF-221E-420E-89CD-BCC77C2B9B48}"
EndProject
Project("{2150E333-8FDC-42A3-9474-1A3956D46DE8}") = "SM.Domain", "SM.Domain", "{3D94C859-7133-4D3F-9BBC-210EDB0CA9EE}"
EndProject
Project("{9A19103F-16F7-4668-BE54-9A1E7A4F7556}") = "ShopManagement.Domain", "ShopManagement.Domain\ShopManagement.Domain.csproj", "{1286A5F7-1769-4F34-9A77-923A8F515368}"
EndProject
Project("{9A19103F-16F7-4668-BE54-9A1E7A4F7556}") = "0_Framework", "0_Framework\0_Framework.csproj", "{784EBDA6-121E-4FC3-BD45-3AFE1A7CDBC2}"
EndProject
Project("{2150E333-8FDC-42A3-9474-1A3956D46DE8}") = "SM.Application", "SM.Application", "{F81BE459-E189-4256-8A8F-5014E9B81708}"
EndProject
Project("{9A19103F-16F7-4668-BE54-9A1E7A4F7556}") = "ShopManagement.Application.Contract", "ShopMamagement.Application.Contract\ShopManagement.Application.Contract.csproj", "{4182E099-0A3E-4A86-8041-717949AED524}"
EndProject
Project("{9A19103F-16F7-4668-BE54-9A1E7A4F7556}") = "ShopManagement.Application", "ShopMangement.Application\ShopManagement.Application.csproj", "{674D6F80-A928-4291-BA58-C6F8BA3E1BF3}"
EndProject
Project("{2150E333-8FDC-42A3-9474-1A3956D46DE8}") = "SM.Infrastructure", "SM.Infrastructure", "{28B69A5D-9C52-452B-8D1F-117FD66B9C8E}"
EndProject
Project("{9A19103F-16F7-4668-BE54-9A1E7A4F7556}") = "ShopManagement.Infrastructure.EFCore", "ShopManagement.Infrastructure.EFCore\ShopManagement.Infrastructure.EFCore.csproj", "{B9841583-A713-4089-BEE2-3E6CC3778E4D}"
EndProject
Project("{9A19103F-16F7-4668-BE54-9A1E7A4F7556}") = "ShopManagement.Configuration", "ShopMangement.Configuration\ShopManagement.Configuration.csproj", "{2C008592-C389-4F38-93E8-DF54E9CE4496}"
EndProject
Project("{9A19103F-16F7-4668-BE54-9A1E7A4F7556}") = "ServiceHost", "ServiceHost\ServiceHost.csproj", "{53AF7AE1-40D7-4D2A-8685-F12B60B13E49}"
EndProject
Project("{2150E333-8FDC-42A3-9474-1A3956D46DE8}") = "MyHelp", "MyHelp", "{C59E757E-3665-4628-9610-4EBEAACB86BB}"
	ProjectSection(SolutionItems) = preProject
		..\..\..\..\..\Users\Ali.Pazdar\Desktop\API.png = ..\..\..\..\..\Users\Ali.Pazdar\Desktop\API.png
		..\..\..\..\..\Desktop\Authentication&Authorization.png = ..\..\..\..\..\Desktop\Authentication&Authorization.png
	EndProjectSection
EndProject
Project("{2150E333-8FDC-42A3-9474-1A3956D46DE8}") = "Helps-Pic", "Helps-Pic", "{9FFF3E52-CD44-43D8-AD17-B36BC5567FDA}"
	ProjectSection(SolutionItems) = preProject
		..\..\..\..\..\Desktop\Help\Errore in Create Migration.png = ..\..\..\..\..\Desktop\Help\Errore in Create Migration.png
		..\..\..\..\..\Desktop\Help\Errore in Create Migration2.png = ..\..\..\..\..\Desktop\Help\Errore in Create Migration2.png
	EndProjectSection
EndProject
Project("{9A19103F-16F7-4668-BE54-9A1E7A4F7556}") = "01_LampShadeQuery", "01_LampSahdeQuery\01_LampShadeQuery.csproj", "{0C83F1A7-B56A-425C-94B5-74E6F5F5AE6F}"
EndProject
Project("{2150E333-8FDC-42A3-9474-1A3956D46DE8}") = "DiscountManagement", "DiscountManagement", "{93C5574D-9065-44D5-B6A9-570E5B284FCC}"
EndProject
Project("{2150E333-8FDC-42A3-9474-1A3956D46DE8}") = "DM.Domain", "DM.Domain", "{C059B577-E8D8-4C0D-A957-7DEA272609EE}"
EndProject
Project("{9A19103F-16F7-4668-BE54-9A1E7A4F7556}") = "DiscountMangement.Domain", "DiscountMangement.Domain\DiscountMangement.Domain.csproj", "{7FD6D296-1B66-4871-BEC0-49E65714FF6C}"
EndProject
Project("{2150E333-8FDC-42A3-9474-1A3956D46DE8}") = "DM.Application", "DM.Application", "{D79CBA56-7226-4C78-8790-EE56E4FBEA4B}"
EndProject
Project("{9A19103F-16F7-4668-BE54-9A1E7A4F7556}") = "DiscountManagement.Application.Contract", "DiscountManagement.Application.Contract\DiscountManagement.Application.Contract.csproj", "{B9DDC6BC-F6DE-4368-930B-3EB29A9AFEED}"
EndProject
Project("{9A19103F-16F7-4668-BE54-9A1E7A4F7556}") = "DiscountManagement.Application", "DiscountMangement.Application\DiscountManagement.Application.csproj", "{56DFB3F1-F4DA-4931-B650-6418431799CE}"
EndProject
Project("{2150E333-8FDC-42A3-9474-1A3956D46DE8}") = "DM.Infrastructure", "DM.Infrastructure", "{E2453A83-5F23-4730-A432-647B9953EBF4}"
EndProject
Project("{9A19103F-16F7-4668-BE54-9A1E7A4F7556}") = "DiscountManagement.Infrastructure.EFCore", "DiscountManagement.Infrastructure.EFCore\DiscountManagement.Infrastructure.EFCore.csproj", "{F1919EF0-A783-4419-8A6A-817F32148271}"
EndProject
Project("{9A19103F-16F7-4668-BE54-9A1E7A4F7556}") = "DiscountManagement.Configuration", "DiscountManagement.Configuration\DiscountManagement.Configuration.csproj", "{3DEFA8AB-1FAF-4D17-97B4-750FD18BFFEF}"
EndProject
Project("{2150E333-8FDC-42A3-9474-1A3956D46DE8}") = "InventoryManagement", "InventoryManagement", "{9835FFE5-235D-4989-BD2B-AD615FA1F397}"
EndProject
Project("{2150E333-8FDC-42A3-9474-1A3956D46DE8}") = "IM.Domain", "IM.Domain", "{BFE0A544-E5EB-4220-B805-C2F4173EF702}"
EndProject
Project("{9A19103F-16F7-4668-BE54-9A1E7A4F7556}") = "InventoryManagement.Domain", "InventoryManagement.Domain\InventoryManagement.Domain.csproj", "{3DA59C73-B78E-4ECC-8F65-4737C757D82A}"
EndProject
Project("{2150E333-8FDC-42A3-9474-1A3956D46DE8}") = "IM.Application", "IM.Application", "{25C6D7EF-1DA8-428A-82F4-12225DCE56A1}"
EndProject
Project("{9A19103F-16F7-4668-BE54-9A1E7A4F7556}") = "InventoryManagement.Application.Contract", "InventoryManagement.Application.Contract\InventoryManagement.Application.Contract.csproj", "{879998E0-16B9-486D-ADF2-9AFEB2A7F0C6}"
EndProject
Project("{2150E333-8FDC-42A3-9474-1A3956D46DE8}") = "IM.Infrastructure", "IM.Infrastructure", "{6D12A8A7-B0ED-4F5B-BAEC-445303A93559}"
EndProject
Project("{9A19103F-16F7-4668-BE54-9A1E7A4F7556}") = "InventoryManagement.Infrastructure.EFCore", "InventoryManagement.Infrastructure.EFCore\InventoryManagement.Infrastructure.EFCore.csproj", "{C309EBA5-98A8-4850-8162-9B0631B4E5C6}"
EndProject
Project("{9A19103F-16F7-4668-BE54-9A1E7A4F7556}") = "InventoryManagement.Configuration", "InventoryManagement.Configuration\InventoryManagement.Configuration.csproj", "{713C1E5F-4DDE-409A-BF91-9EE439E37C80}"
EndProject
Project("{9A19103F-16F7-4668-BE54-9A1E7A4F7556}") = "InventoryManagement.Application", "InventoryManagement.Applicataion\InventoryManagement.Application.csproj", "{353234FD-7E7A-4023-B1F2-83C6935978F9}"
EndProject
Project("{2150E333-8FDC-42A3-9474-1A3956D46DE8}") = "CommentManagement", "CommentManagement", "{8AEC4F1A-E996-44F4-BD68-662AB9DB3FD2}"
EndProject
Project("{2150E333-8FDC-42A3-9474-1A3956D46DE8}") = "CM.Application", "CM.Application", "{345F95FB-34AC-4AF6-A363-646DBC0CAC6F}"
EndProject
Project("{2150E333-8FDC-42A3-9474-1A3956D46DE8}") = "CM.Domain", "CM.Domain", "{C8229959-6B14-49DA-8847-1A82AC9C0C79}"
EndProject
Project("{2150E333-8FDC-42A3-9474-1A3956D46DE8}") = "CM.Infrastructure", "CM.Infrastructure", "{144B2475-A2F7-4D06-BB38-48401496D6D3}"
EndProject
Project("{9A19103F-16F7-4668-BE54-9A1E7A4F7556}") = "CommentManagement.Domain", "CommentManagement.Domain\CommentManagement.Domain.csproj", "{C5A352E4-6E97-4C51-986B-52D7A8910E73}"
EndProject
Project("{9A19103F-16F7-4668-BE54-9A1E7A4F7556}") = "CommentManagement.Application", "CommentManagement.Application\CommentManagement.Application.csproj", "{9E4CF178-1B4C-45DF-BD33-57EA973EA98F}"
EndProject
Project("{9A19103F-16F7-4668-BE54-9A1E7A4F7556}") = "CommentManagement.Application.Contract", "CommentManagement.Application.Contract\CommentManagement.Application.Contract.csproj", "{C5C88DF5-1CA0-4855-AD27-B9CEEBF6B4CB}"
EndProject
Project("{9A19103F-16F7-4668-BE54-9A1E7A4F7556}") = "CommentManagement.Configuration", "CommentManagement.Configuration\CommentManagement.Configuration.csproj", "{D7FA7614-E205-4E35-83C7-C57E5661EC85}"
EndProject
Project("{9A19103F-16F7-4668-BE54-9A1E7A4F7556}") = "CommentManagement.Infrastructure.EFCore", "CommentManagement.Infrastructure.EFCore\CommentManagement.Infrastructure.EFCore.csproj", "{34C93519-1DCA-4F7F-A2F8-0AAD90E26C76}"
EndProject
Project("{2150E333-8FDC-42A3-9474-1A3956D46DE8}") = "BlogManagement", "BlogManagement", "{C36A6C95-03BD-4963-9832-07260C638383}"
EndProject
Project("{2150E333-8FDC-42A3-9474-1A3956D46DE8}") = "BM.Domain", "BM.Domain", "{41EDCB53-8563-4CE9-BC05-CE709DF177BF}"
EndProject
Project("{9A19103F-16F7-4668-BE54-9A1E7A4F7556}") = "BlogManagement.Domain", "BlogManagement.Domain\BlogManagement.Domain.csproj", "{615E36D6-B63C-4459-BC08-2C720483390C}"
EndProject
Project("{2150E333-8FDC-42A3-9474-1A3956D46DE8}") = "BM.Application", "BM.Application", "{1578348C-472F-4E62-A762-9E99B00523F7}"
EndProject
Project("{9A19103F-16F7-4668-BE54-9A1E7A4F7556}") = "BlogManagement.Application.Contracts", "BlogManagement.Application.Contracts\BlogManagement.Application.Contracts.csproj", "{929776B4-6885-4A05-812A-65DE05B948DB}"
EndProject
Project("{9A19103F-16F7-4668-BE54-9A1E7A4F7556}") = "BlogManagement.Application", "BlogManagement.Application\BlogManagement.Application.csproj", "{0F52B470-3B42-44B1-A274-E3CC70336135}"
EndProject
Project("{2150E333-8FDC-42A3-9474-1A3956D46DE8}") = "BM.Infrastructure", "BM.Infrastructure", "{D5D9896D-F4CF-417E-B8DC-1E484600486E}"
EndProject
Project("{9A19103F-16F7-4668-BE54-9A1E7A4F7556}") = "BlogManagement.Infrastructure.Efcore", "BlogManagement.Infrastructure.Efcore\BlogManagement.Infrastructure.Efcore.csproj", "{81FFFFF8-2C9C-4C9A-90DB-2D2598D38A6C}"
EndProject
Project("{9A19103F-16F7-4668-BE54-9A1E7A4F7556}") = "BlogManagement.Configuration", "BlogMangement.Infrastructure.Configuration\BlogManagement.Configuration.csproj", "{86608D31-1DFA-4FF4-8FD0-865A1EDE4D21}"
EndProject
Project("{2150E333-8FDC-42A3-9474-1A3956D46DE8}") = "Authentication_Authorization", "Authentication_Authorization", "{FC06C851-4D29-41BD-ABBB-D57054C2647B}"
	ProjectSection(SolutionItems) = preProject
		..\..\..\..\..\Desktop\Authentication&Authorization.png = ..\..\..\..\..\Desktop\Authentication&Authorization.png
	EndProjectSection
EndProject
Project("{2150E333-8FDC-42A3-9474-1A3956D46DE8}") = "AccountManagement", "AccountManagement", "{8B262EFB-BD09-442C-8858-85133DF891D2}"
EndProject
Project("{2150E333-8FDC-42A3-9474-1A3956D46DE8}") = "AM.Domain", "AM.Domain", "{F212BB82-89F8-40A3-A6C7-E7B2973A3235}"
EndProject
Project("{9A19103F-16F7-4668-BE54-9A1E7A4F7556}") = "AccountManagement.Domain", "AccountManagement.Domain\AccountManagement.Domain.csproj", "{4D30C025-8801-430F-8CB3-97E7C3E45AB0}"
EndProject
Project("{2150E333-8FDC-42A3-9474-1A3956D46DE8}") = "AM.Application", "AM.Application", "{6A3145CB-6ABC-4CF7-8AAE-EC7B538C6898}"
EndProject
Project("{9A19103F-16F7-4668-BE54-9A1E7A4F7556}") = "AccountManagement.Applicatoin.Contracts", "AccountManagement.Applicatoin.Contracts\AccountManagement.Applicatoin.Contracts.csproj", "{97639428-F808-44DA-9D0E-B6EED68F2681}"
EndProject
Project("{2150E333-8FDC-42A3-9474-1A3956D46DE8}") = "AM.Infrastructure", "AM.Infrastructure", "{FBA42D06-B2F4-47CC-8BDD-F8173D630A39}"
EndProject
Project("{9A19103F-16F7-4668-BE54-9A1E7A4F7556}") = "AccountManagement.Infrastructure.EFCore", "AccountManagement.Infrastructure.EFCore\AccountManagement.Infrastructure.EFCore.csproj", "{7F78E013-9EBC-4498-B670-23E235B8B060}"
EndProject
Project("{9A19103F-16F7-4668-BE54-9A1E7A4F7556}") = "AccountManagement.Application", "AccountManagement.Application\AccountManagement.Application.csproj", "{56848DC4-6186-4F95-9D62-2F43C7674E08}"
EndProject
Project("{9A19103F-16F7-4668-BE54-9A1E7A4F7556}") = "AccountManagement.Configuration", "AccountManagement.Configuration\AccountManagement.Configuration.csproj", "{0D37C317-6BA4-43B2-B04F-29339219791A}"
EndProject
Project("{2150E333-8FDC-42A3-9474-1A3956D46DE8}") = "MenuManagement", "MenuManagement", "{F8FD99DA-9B68-4884-AEFF-29F78A346C00}"
EndProject
Project("{2150E333-8FDC-42A3-9474-1A3956D46DE8}") = "MM.Infrastructure", "MM.Infrastructure", "{E5A2636A-F824-473B-B65A-43FFE389BF9C}"
EndProject
Project("{9A19103F-16F7-4668-BE54-9A1E7A4F7556}") = "MenuManagement.Configuration", "MenuManagement.Configuration\MenuManagement.Configuration.csproj", "{69E6BDAD-8D6C-4F4E-8C0D-30762323092D}"
EndProject
Project("{9A19103F-16F7-4668-BE54-9A1E7A4F7556}") = "ShopManagement.Infrastructure.InventoryAcl", "ShopMangement.Infrastructure.InventoryAcl\ShopManagement.Infrastructure.InventoryAcl.csproj", "{11F09BE9-D28E-4E59-B998-9AF405C4C7E6}"
EndProject
Global
	GlobalSection(SolutionConfigurationPlatforms) = preSolution
		Debug|Any CPU = Debug|Any CPU
		Release|Any CPU = Release|Any CPU
	EndGlobalSection
	GlobalSection(ProjectConfigurationPlatforms) = postSolution
		{1286A5F7-1769-4F34-9A77-923A8F515368}.Debug|Any CPU.ActiveCfg = Debug|Any CPU
		{1286A5F7-1769-4F34-9A77-923A8F515368}.Debug|Any CPU.Build.0 = Debug|Any CPU
		{1286A5F7-1769-4F34-9A77-923A8F515368}.Release|Any CPU.ActiveCfg = Release|Any CPU
		{1286A5F7-1769-4F34-9A77-923A8F515368}.Release|Any CPU.Build.0 = Release|Any CPU
		{784EBDA6-121E-4FC3-BD45-3AFE1A7CDBC2}.Debug|Any CPU.ActiveCfg = Debug|Any CPU
		{784EBDA6-121E-4FC3-BD45-3AFE1A7CDBC2}.Debug|Any CPU.Build.0 = Debug|Any CPU
		{784EBDA6-121E-4FC3-BD45-3AFE1A7CDBC2}.Release|Any CPU.ActiveCfg = Release|Any CPU
		{784EBDA6-121E-4FC3-BD45-3AFE1A7CDBC2}.Release|Any CPU.Build.0 = Release|Any CPU
		{4182E099-0A3E-4A86-8041-717949AED524}.Debug|Any CPU.ActiveCfg = Debug|Any CPU
		{4182E099-0A3E-4A86-8041-717949AED524}.Debug|Any CPU.Build.0 = Debug|Any CPU
		{4182E099-0A3E-4A86-8041-717949AED524}.Release|Any CPU.ActiveCfg = Release|Any CPU
		{4182E099-0A3E-4A86-8041-717949AED524}.Release|Any CPU.Build.0 = Release|Any CPU
		{674D6F80-A928-4291-BA58-C6F8BA3E1BF3}.Debug|Any CPU.ActiveCfg = Debug|Any CPU
		{674D6F80-A928-4291-BA58-C6F8BA3E1BF3}.Debug|Any CPU.Build.0 = Debug|Any CPU
		{674D6F80-A928-4291-BA58-C6F8BA3E1BF3}.Release|Any CPU.ActiveCfg = Release|Any CPU
		{674D6F80-A928-4291-BA58-C6F8BA3E1BF3}.Release|Any CPU.Build.0 = Release|Any CPU
		{B9841583-A713-4089-BEE2-3E6CC3778E4D}.Debug|Any CPU.ActiveCfg = Debug|Any CPU
		{B9841583-A713-4089-BEE2-3E6CC3778E4D}.Debug|Any CPU.Build.0 = Debug|Any CPU
		{B9841583-A713-4089-BEE2-3E6CC3778E4D}.Release|Any CPU.ActiveCfg = Release|Any CPU
		{B9841583-A713-4089-BEE2-3E6CC3778E4D}.Release|Any CPU.Build.0 = Release|Any CPU
		{2C008592-C389-4F38-93E8-DF54E9CE4496}.Debug|Any CPU.ActiveCfg = Debug|Any CPU
		{2C008592-C389-4F38-93E8-DF54E9CE4496}.Debug|Any CPU.Build.0 = Debug|Any CPU
		{2C008592-C389-4F38-93E8-DF54E9CE4496}.Release|Any CPU.ActiveCfg = Release|Any CPU
		{2C008592-C389-4F38-93E8-DF54E9CE4496}.Release|Any CPU.Build.0 = Release|Any CPU
		{53AF7AE1-40D7-4D2A-8685-F12B60B13E49}.Debug|Any CPU.ActiveCfg = Debug|Any CPU
		{53AF7AE1-40D7-4D2A-8685-F12B60B13E49}.Debug|Any CPU.Build.0 = Debug|Any CPU
		{53AF7AE1-40D7-4D2A-8685-F12B60B13E49}.Release|Any CPU.ActiveCfg = Release|Any CPU
		{53AF7AE1-40D7-4D2A-8685-F12B60B13E49}.Release|Any CPU.Build.0 = Release|Any CPU
		{0C83F1A7-B56A-425C-94B5-74E6F5F5AE6F}.Debug|Any CPU.ActiveCfg = Debug|Any CPU
		{0C83F1A7-B56A-425C-94B5-74E6F5F5AE6F}.Debug|Any CPU.Build.0 = Debug|Any CPU
		{0C83F1A7-B56A-425C-94B5-74E6F5F5AE6F}.Release|Any CPU.ActiveCfg = Release|Any CPU
		{0C83F1A7-B56A-425C-94B5-74E6F5F5AE6F}.Release|Any CPU.Build.0 = Release|Any CPU
		{7FD6D296-1B66-4871-BEC0-49E65714FF6C}.Debug|Any CPU.ActiveCfg = Debug|Any CPU
		{7FD6D296-1B66-4871-BEC0-49E65714FF6C}.Debug|Any CPU.Build.0 = Debug|Any CPU
		{7FD6D296-1B66-4871-BEC0-49E65714FF6C}.Release|Any CPU.ActiveCfg = Release|Any CPU
		{7FD6D296-1B66-4871-BEC0-49E65714FF6C}.Release|Any CPU.Build.0 = Release|Any CPU
		{B9DDC6BC-F6DE-4368-930B-3EB29A9AFEED}.Debug|Any CPU.ActiveCfg = Debug|Any CPU
		{B9DDC6BC-F6DE-4368-930B-3EB29A9AFEED}.Debug|Any CPU.Build.0 = Debug|Any CPU
		{B9DDC6BC-F6DE-4368-930B-3EB29A9AFEED}.Release|Any CPU.ActiveCfg = Release|Any CPU
		{B9DDC6BC-F6DE-4368-930B-3EB29A9AFEED}.Release|Any CPU.Build.0 = Release|Any CPU
		{56DFB3F1-F4DA-4931-B650-6418431799CE}.Debug|Any CPU.ActiveCfg = Debug|Any CPU
		{56DFB3F1-F4DA-4931-B650-6418431799CE}.Debug|Any CPU.Build.0 = Debug|Any CPU
		{56DFB3F1-F4DA-4931-B650-6418431799CE}.Release|Any CPU.ActiveCfg = Release|Any CPU
		{56DFB3F1-F4DA-4931-B650-6418431799CE}.Release|Any CPU.Build.0 = Release|Any CPU
		{F1919EF0-A783-4419-8A6A-817F32148271}.Debug|Any CPU.ActiveCfg = Debug|Any CPU
		{F1919EF0-A783-4419-8A6A-817F32148271}.Debug|Any CPU.Build.0 = Debug|Any CPU
		{F1919EF0-A783-4419-8A6A-817F32148271}.Release|Any CPU.ActiveCfg = Release|Any CPU
		{F1919EF0-A783-4419-8A6A-817F32148271}.Release|Any CPU.Build.0 = Release|Any CPU
		{3DEFA8AB-1FAF-4D17-97B4-750FD18BFFEF}.Debug|Any CPU.ActiveCfg = Debug|Any CPU
		{3DEFA8AB-1FAF-4D17-97B4-750FD18BFFEF}.Debug|Any CPU.Build.0 = Debug|Any CPU
		{3DEFA8AB-1FAF-4D17-97B4-750FD18BFFEF}.Release|Any CPU.ActiveCfg = Release|Any CPU
		{3DEFA8AB-1FAF-4D17-97B4-750FD18BFFEF}.Release|Any CPU.Build.0 = Release|Any CPU
		{3DA59C73-B78E-4ECC-8F65-4737C757D82A}.Debug|Any CPU.ActiveCfg = Debug|Any CPU
		{3DA59C73-B78E-4ECC-8F65-4737C757D82A}.Debug|Any CPU.Build.0 = Debug|Any CPU
		{3DA59C73-B78E-4ECC-8F65-4737C757D82A}.Release|Any CPU.ActiveCfg = Release|Any CPU
		{3DA59C73-B78E-4ECC-8F65-4737C757D82A}.Release|Any CPU.Build.0 = Release|Any CPU
		{879998E0-16B9-486D-ADF2-9AFEB2A7F0C6}.Debug|Any CPU.ActiveCfg = Debug|Any CPU
		{879998E0-16B9-486D-ADF2-9AFEB2A7F0C6}.Debug|Any CPU.Build.0 = Debug|Any CPU
		{879998E0-16B9-486D-ADF2-9AFEB2A7F0C6}.Release|Any CPU.ActiveCfg = Release|Any CPU
		{879998E0-16B9-486D-ADF2-9AFEB2A7F0C6}.Release|Any CPU.Build.0 = Release|Any CPU
		{C309EBA5-98A8-4850-8162-9B0631B4E5C6}.Debug|Any CPU.ActiveCfg = Debug|Any CPU
		{C309EBA5-98A8-4850-8162-9B0631B4E5C6}.Debug|Any CPU.Build.0 = Debug|Any CPU
		{C309EBA5-98A8-4850-8162-9B0631B4E5C6}.Release|Any CPU.ActiveCfg = Release|Any CPU
		{C309EBA5-98A8-4850-8162-9B0631B4E5C6}.Release|Any CPU.Build.0 = Release|Any CPU
		{713C1E5F-4DDE-409A-BF91-9EE439E37C80}.Debug|Any CPU.ActiveCfg = Debug|Any CPU
		{713C1E5F-4DDE-409A-BF91-9EE439E37C80}.Debug|Any CPU.Build.0 = Debug|Any CPU
		{713C1E5F-4DDE-409A-BF91-9EE439E37C80}.Release|Any CPU.ActiveCfg = Release|Any CPU
		{713C1E5F-4DDE-409A-BF91-9EE439E37C80}.Release|Any CPU.Build.0 = Release|Any CPU
		{353234FD-7E7A-4023-B1F2-83C6935978F9}.Debug|Any CPU.ActiveCfg = Debug|Any CPU
		{353234FD-7E7A-4023-B1F2-83C6935978F9}.Debug|Any CPU.Build.0 = Debug|Any CPU
		{353234FD-7E7A-4023-B1F2-83C6935978F9}.Release|Any CPU.ActiveCfg = Release|Any CPU
		{353234FD-7E7A-4023-B1F2-83C6935978F9}.Release|Any CPU.Build.0 = Release|Any CPU
		{C5A352E4-6E97-4C51-986B-52D7A8910E73}.Debug|Any CPU.ActiveCfg = Debug|Any CPU
		{C5A352E4-6E97-4C51-986B-52D7A8910E73}.Debug|Any CPU.Build.0 = Debug|Any CPU
		{C5A352E4-6E97-4C51-986B-52D7A8910E73}.Release|Any CPU.ActiveCfg = Release|Any CPU
		{C5A352E4-6E97-4C51-986B-52D7A8910E73}.Release|Any CPU.Build.0 = Release|Any CPU
		{9E4CF178-1B4C-45DF-BD33-57EA973EA98F}.Debug|Any CPU.ActiveCfg = Debug|Any CPU
		{9E4CF178-1B4C-45DF-BD33-57EA973EA98F}.Debug|Any CPU.Build.0 = Debug|Any CPU
		{9E4CF178-1B4C-45DF-BD33-57EA973EA98F}.Release|Any CPU.ActiveCfg = Release|Any CPU
		{9E4CF178-1B4C-45DF-BD33-57EA973EA98F}.Release|Any CPU.Build.0 = Release|Any CPU
		{C5C88DF5-1CA0-4855-AD27-B9CEEBF6B4CB}.Debug|Any CPU.ActiveCfg = Debug|Any CPU
		{C5C88DF5-1CA0-4855-AD27-B9CEEBF6B4CB}.Debug|Any CPU.Build.0 = Debug|Any CPU
		{C5C88DF5-1CA0-4855-AD27-B9CEEBF6B4CB}.Release|Any CPU.ActiveCfg = Release|Any CPU
		{C5C88DF5-1CA0-4855-AD27-B9CEEBF6B4CB}.Release|Any CPU.Build.0 = Release|Any CPU
		{D7FA7614-E205-4E35-83C7-C57E5661EC85}.Debug|Any CPU.ActiveCfg = Debug|Any CPU
		{D7FA7614-E205-4E35-83C7-C57E5661EC85}.Debug|Any CPU.Build.0 = Debug|Any CPU
		{D7FA7614-E205-4E35-83C7-C57E5661EC85}.Release|Any CPU.ActiveCfg = Release|Any CPU
		{D7FA7614-E205-4E35-83C7-C57E5661EC85}.Release|Any CPU.Build.0 = Release|Any CPU
		{34C93519-1DCA-4F7F-A2F8-0AAD90E26C76}.Debug|Any CPU.ActiveCfg = Debug|Any CPU
		{34C93519-1DCA-4F7F-A2F8-0AAD90E26C76}.Debug|Any CPU.Build.0 = Debug|Any CPU
		{34C93519-1DCA-4F7F-A2F8-0AAD90E26C76}.Release|Any CPU.ActiveCfg = Release|Any CPU
		{34C93519-1DCA-4F7F-A2F8-0AAD90E26C76}.Release|Any CPU.Build.0 = Release|Any CPU
		{615E36D6-B63C-4459-BC08-2C720483390C}.Debug|Any CPU.ActiveCfg = Debug|Any CPU
		{615E36D6-B63C-4459-BC08-2C720483390C}.Debug|Any CPU.Build.0 = Debug|Any CPU
		{615E36D6-B63C-4459-BC08-2C720483390C}.Release|Any CPU.ActiveCfg = Release|Any CPU
		{615E36D6-B63C-4459-BC08-2C720483390C}.Release|Any CPU.Build.0 = Release|Any CPU
		{929776B4-6885-4A05-812A-65DE05B948DB}.Debug|Any CPU.ActiveCfg = Debug|Any CPU
		{929776B4-6885-4A05-812A-65DE05B948DB}.Debug|Any CPU.Build.0 = Debug|Any CPU
		{929776B4-6885-4A05-812A-65DE05B948DB}.Release|Any CPU.ActiveCfg = Release|Any CPU
		{929776B4-6885-4A05-812A-65DE05B948DB}.Release|Any CPU.Build.0 = Release|Any CPU
		{0F52B470-3B42-44B1-A274-E3CC70336135}.Debug|Any CPU.ActiveCfg = Debug|Any CPU
		{0F52B470-3B42-44B1-A274-E3CC70336135}.Debug|Any CPU.Build.0 = Debug|Any CPU
		{0F52B470-3B42-44B1-A274-E3CC70336135}.Release|Any CPU.ActiveCfg = Release|Any CPU
		{0F52B470-3B42-44B1-A274-E3CC70336135}.Release|Any CPU.Build.0 = Release|Any CPU
		{81FFFFF8-2C9C-4C9A-90DB-2D2598D38A6C}.Debug|Any CPU.ActiveCfg = Debug|Any CPU
		{81FFFFF8-2C9C-4C9A-90DB-2D2598D38A6C}.Debug|Any CPU.Build.0 = Debug|Any CPU
		{81FFFFF8-2C9C-4C9A-90DB-2D2598D38A6C}.Release|Any CPU.ActiveCfg = Release|Any CPU
		{81FFFFF8-2C9C-4C9A-90DB-2D2598D38A6C}.Release|Any CPU.Build.0 = Release|Any CPU
		{86608D31-1DFA-4FF4-8FD0-865A1EDE4D21}.Debug|Any CPU.ActiveCfg = Debug|Any CPU
		{86608D31-1DFA-4FF4-8FD0-865A1EDE4D21}.Debug|Any CPU.Build.0 = Debug|Any CPU
		{86608D31-1DFA-4FF4-8FD0-865A1EDE4D21}.Release|Any CPU.ActiveCfg = Release|Any CPU
		{86608D31-1DFA-4FF4-8FD0-865A1EDE4D21}.Release|Any CPU.Build.0 = Release|Any CPU
		{4D30C025-8801-430F-8CB3-97E7C3E45AB0}.Debug|Any CPU.ActiveCfg = Debug|Any CPU
		{4D30C025-8801-430F-8CB3-97E7C3E45AB0}.Debug|Any CPU.Build.0 = Debug|Any CPU
		{4D30C025-8801-430F-8CB3-97E7C3E45AB0}.Release|Any CPU.ActiveCfg = Release|Any CPU
		{4D30C025-8801-430F-8CB3-97E7C3E45AB0}.Release|Any CPU.Build.0 = Release|Any CPU
		{97639428-F808-44DA-9D0E-B6EED68F2681}.Debug|Any CPU.ActiveCfg = Debug|Any CPU
		{97639428-F808-44DA-9D0E-B6EED68F2681}.Debug|Any CPU.Build.0 = Debug|Any CPU
		{97639428-F808-44DA-9D0E-B6EED68F2681}.Release|Any CPU.ActiveCfg = Release|Any CPU
		{97639428-F808-44DA-9D0E-B6EED68F2681}.Release|Any CPU.Build.0 = Release|Any CPU
		{7F78E013-9EBC-4498-B670-23E235B8B060}.Debug|Any CPU.ActiveCfg = Debug|Any CPU
		{7F78E013-9EBC-4498-B670-23E235B8B060}.Debug|Any CPU.Build.0 = Debug|Any CPU
		{7F78E013-9EBC-4498-B670-23E235B8B060}.Release|Any CPU.ActiveCfg = Release|Any CPU
		{7F78E013-9EBC-4498-B670-23E235B8B060}.Release|Any CPU.Build.0 = Release|Any CPU
		{56848DC4-6186-4F95-9D62-2F43C7674E08}.Debug|Any CPU.ActiveCfg = Debug|Any CPU
		{56848DC4-6186-4F95-9D62-2F43C7674E08}.Debug|Any CPU.Build.0 = Debug|Any CPU
		{56848DC4-6186-4F95-9D62-2F43C7674E08}.Release|Any CPU.ActiveCfg = Release|Any CPU
		{56848DC4-6186-4F95-9D62-2F43C7674E08}.Release|Any CPU.Build.0 = Release|Any CPU
		{0D37C317-6BA4-43B2-B04F-29339219791A}.Debug|Any CPU.ActiveCfg = Debug|Any CPU
		{0D37C317-6BA4-43B2-B04F-29339219791A}.Debug|Any CPU.Build.0 = Debug|Any CPU
		{0D37C317-6BA4-43B2-B04F-29339219791A}.Release|Any CPU.ActiveCfg = Release|Any CPU
		{0D37C317-6BA4-43B2-B04F-29339219791A}.Release|Any CPU.Build.0 = Release|Any CPU
		{69E6BDAD-8D6C-4F4E-8C0D-30762323092D}.Debug|Any CPU.ActiveCfg = Debug|Any CPU
		{69E6BDAD-8D6C-4F4E-8C0D-30762323092D}.Debug|Any CPU.Build.0 = Debug|Any CPU
		{69E6BDAD-8D6C-4F4E-8C0D-30762323092D}.Release|Any CPU.ActiveCfg = Release|Any CPU
		{69E6BDAD-8D6C-4F4E-8C0D-30762323092D}.Release|Any CPU.Build.0 = Release|Any CPU
		{11F09BE9-D28E-4E59-B998-9AF405C4C7E6}.Debug|Any CPU.ActiveCfg = Debug|Any CPU
		{11F09BE9-D28E-4E59-B998-9AF405C4C7E6}.Debug|Any CPU.Build.0 = Debug|Any CPU
		{11F09BE9-D28E-4E59-B998-9AF405C4C7E6}.Release|Any CPU.ActiveCfg = Release|Any CPU
		{11F09BE9-D28E-4E59-B998-9AF405C4C7E6}.Release|Any CPU.Build.0 = Release|Any CPU
	EndGlobalSection
	GlobalSection(SolutionProperties) = preSolution
		HideSolutionNode = FALSE
	EndGlobalSection
	GlobalSection(NestedProjects) = preSolution
		{3D94C859-7133-4D3F-9BBC-210EDB0CA9EE} = {6C5E1BDF-221E-420E-89CD-BCC77C2B9B48}
		{1286A5F7-1769-4F34-9A77-923A8F515368} = {3D94C859-7133-4D3F-9BBC-210EDB0CA9EE}
		{F81BE459-E189-4256-8A8F-5014E9B81708} = {6C5E1BDF-221E-420E-89CD-BCC77C2B9B48}
		{4182E099-0A3E-4A86-8041-717949AED524} = {F81BE459-E189-4256-8A8F-5014E9B81708}
		{674D6F80-A928-4291-BA58-C6F8BA3E1BF3} = {F81BE459-E189-4256-8A8F-5014E9B81708}
		{28B69A5D-9C52-452B-8D1F-117FD66B9C8E} = {6C5E1BDF-221E-420E-89CD-BCC77C2B9B48}
		{B9841583-A713-4089-BEE2-3E6CC3778E4D} = {28B69A5D-9C52-452B-8D1F-117FD66B9C8E}
		{2C008592-C389-4F38-93E8-DF54E9CE4496} = {28B69A5D-9C52-452B-8D1F-117FD66B9C8E}
		{9FFF3E52-CD44-43D8-AD17-B36BC5567FDA} = {C59E757E-3665-4628-9610-4EBEAACB86BB}
		{C059B577-E8D8-4C0D-A957-7DEA272609EE} = {93C5574D-9065-44D5-B6A9-570E5B284FCC}
		{7FD6D296-1B66-4871-BEC0-49E65714FF6C} = {C059B577-E8D8-4C0D-A957-7DEA272609EE}
		{D79CBA56-7226-4C78-8790-EE56E4FBEA4B} = {93C5574D-9065-44D5-B6A9-570E5B284FCC}
		{B9DDC6BC-F6DE-4368-930B-3EB29A9AFEED} = {D79CBA56-7226-4C78-8790-EE56E4FBEA4B}
		{56DFB3F1-F4DA-4931-B650-6418431799CE} = {D79CBA56-7226-4C78-8790-EE56E4FBEA4B}
		{E2453A83-5F23-4730-A432-647B9953EBF4} = {93C5574D-9065-44D5-B6A9-570E5B284FCC}
		{F1919EF0-A783-4419-8A6A-817F32148271} = {E2453A83-5F23-4730-A432-647B9953EBF4}
		{3DEFA8AB-1FAF-4D17-97B4-750FD18BFFEF} = {E2453A83-5F23-4730-A432-647B9953EBF4}
		{BFE0A544-E5EB-4220-B805-C2F4173EF702} = {9835FFE5-235D-4989-BD2B-AD615FA1F397}
		{3DA59C73-B78E-4ECC-8F65-4737C757D82A} = {BFE0A544-E5EB-4220-B805-C2F4173EF702}
		{25C6D7EF-1DA8-428A-82F4-12225DCE56A1} = {9835FFE5-235D-4989-BD2B-AD615FA1F397}
		{879998E0-16B9-486D-ADF2-9AFEB2A7F0C6} = {25C6D7EF-1DA8-428A-82F4-12225DCE56A1}
		{6D12A8A7-B0ED-4F5B-BAEC-445303A93559} = {9835FFE5-235D-4989-BD2B-AD615FA1F397}
		{C309EBA5-98A8-4850-8162-9B0631B4E5C6} = {6D12A8A7-B0ED-4F5B-BAEC-445303A93559}
		{713C1E5F-4DDE-409A-BF91-9EE439E37C80} = {6D12A8A7-B0ED-4F5B-BAEC-445303A93559}
		{353234FD-7E7A-4023-B1F2-83C6935978F9} = {25C6D7EF-1DA8-428A-82F4-12225DCE56A1}
		{345F95FB-34AC-4AF6-A363-646DBC0CAC6F} = {8AEC4F1A-E996-44F4-BD68-662AB9DB3FD2}
		{C8229959-6B14-49DA-8847-1A82AC9C0C79} = {8AEC4F1A-E996-44F4-BD68-662AB9DB3FD2}
		{144B2475-A2F7-4D06-BB38-48401496D6D3} = {8AEC4F1A-E996-44F4-BD68-662AB9DB3FD2}
		{C5A352E4-6E97-4C51-986B-52D7A8910E73} = {C8229959-6B14-49DA-8847-1A82AC9C0C79}
		{9E4CF178-1B4C-45DF-BD33-57EA973EA98F} = {345F95FB-34AC-4AF6-A363-646DBC0CAC6F}
		{C5C88DF5-1CA0-4855-AD27-B9CEEBF6B4CB} = {345F95FB-34AC-4AF6-A363-646DBC0CAC6F}
		{D7FA7614-E205-4E35-83C7-C57E5661EC85} = {144B2475-A2F7-4D06-BB38-48401496D6D3}
		{34C93519-1DCA-4F7F-A2F8-0AAD90E26C76} = {144B2475-A2F7-4D06-BB38-48401496D6D3}
		{41EDCB53-8563-4CE9-BC05-CE709DF177BF} = {C36A6C95-03BD-4963-9832-07260C638383}
		{615E36D6-B63C-4459-BC08-2C720483390C} = {41EDCB53-8563-4CE9-BC05-CE709DF177BF}
		{1578348C-472F-4E62-A762-9E99B00523F7} = {C36A6C95-03BD-4963-9832-07260C638383}
		{929776B4-6885-4A05-812A-65DE05B948DB} = {1578348C-472F-4E62-A762-9E99B00523F7}
		{0F52B470-3B42-44B1-A274-E3CC70336135} = {1578348C-472F-4E62-A762-9E99B00523F7}
		{D5D9896D-F4CF-417E-B8DC-1E484600486E} = {C36A6C95-03BD-4963-9832-07260C638383}
		{81FFFFF8-2C9C-4C9A-90DB-2D2598D38A6C} = {D5D9896D-F4CF-417E-B8DC-1E484600486E}
		{86608D31-1DFA-4FF4-8FD0-865A1EDE4D21} = {D5D9896D-F4CF-417E-B8DC-1E484600486E}
		{FC06C851-4D29-41BD-ABBB-D57054C2647B} = {C59E757E-3665-4628-9610-4EBEAACB86BB}
		{F212BB82-89F8-40A3-A6C7-E7B2973A3235} = {8B262EFB-BD09-442C-8858-85133DF891D2}
		{4D30C025-8801-430F-8CB3-97E7C3E45AB0} = {F212BB82-89F8-40A3-A6C7-E7B2973A3235}
		{6A3145CB-6ABC-4CF7-8AAE-EC7B538C6898} = {8B262EFB-BD09-442C-8858-85133DF891D2}
		{97639428-F808-44DA-9D0E-B6EED68F2681} = {6A3145CB-6ABC-4CF7-8AAE-EC7B538C6898}
		{FBA42D06-B2F4-47CC-8BDD-F8173D630A39} = {8B262EFB-BD09-442C-8858-85133DF891D2}
		{7F78E013-9EBC-4498-B670-23E235B8B060} = {FBA42D06-B2F4-47CC-8BDD-F8173D630A39}
		{56848DC4-6186-4F95-9D62-2F43C7674E08} = {6A3145CB-6ABC-4CF7-8AAE-EC7B538C6898}
		{0D37C317-6BA4-43B2-B04F-29339219791A} = {FBA42D06-B2F4-47CC-8BDD-F8173D630A39}
		{E5A2636A-F824-473B-B65A-43FFE389BF9C} = {F8FD99DA-9B68-4884-AEFF-29F78A346C00}
		{69E6BDAD-8D6C-4F4E-8C0D-30762323092D} = {E5A2636A-F824-473B-B65A-43FFE389BF9C}
		{11F09BE9-D28E-4E59-B998-9AF405C4C7E6} = {28B69A5D-9C52-452B-8D1F-117FD66B9C8E}
	EndGlobalSection
	GlobalSection(ExtensibilityGlobals) = postSolution
		SolutionGuid = {8DD2174D-2A27-4104-900B-70545EB4546A}
	EndGlobalSection
EndGlobal
