
Microsoft Visual Studio Solution File, Format Version 12.00
# Visual Studio Version 16
VisualStudioVersion = 16.0.31729.503
MinimumVisualStudioVersion = 10.0.40219.1
Project("{2150E333-8FDC-42A3-9474-1A3956D46DE8}") = "ShopManagement", "ShopManagement", "{6C5E1BDF-221E-420E-89CD-BCC77C2B9B48}"
EndProject
Project("{2150E333-8FDC-42A3-9474-1A3956D46DE8}") = "SM.Domain", "SM.Domain", "{3D94C859-7133-4D3F-9BBC-210EDB0CA9EE}"
EndProject
Project("{9A19103F-16F7-4668-BE54-9A1E7A4F7556}") = "ShopManagement.Domain", "ShopManagement.Domain\ShopManagement.Domain.csproj", "{1286A5F7-1769-4F34-9A77-923A8F515368}"
EndProject
Project("{9A19103F-16F7-4668-BE54-9A1E7A4F7556}") = "0_Framework", "0_Framework\0_Framework.csproj", "{784EBDA6-121E-4FC3-BD45-3AFE1A7CDBC2}"
EndProject
Project("{2150E333-8FDC-42A3-9474-1A3956D46DE8}") = "SM.Application", "SM.Application", "{F81BE459-E189-4256-8A8F-5014E9B81708}"
EndProject
Project("{9A19103F-16F7-4668-BE54-9A1E7A4F7556}") = "ShopManagement.Application.Contract", "ShopMamagement.Application.Contract\ShopManagement.Application.Contract.csproj", "{4182E099-0A3E-4A86-8041-717949AED524}"
EndProject
Project("{9A19103F-16F7-4668-BE54-9A1E7A4F7556}") = "ShopManagement.Application", "ShopMangement.Application\ShopManagement.Application.csproj", "{674D6F80-A928-4291-BA58-C6F8BA3E1BF3}"
EndProject
Project("{2150E333-8FDC-42A3-9474-1A3956D46DE8}") = "SM.Infrastructure", "SM.Infrastructure", "{28B69A5D-9C52-452B-8D1F-117FD66B9C8E}"
EndProject
Project("{9A19103F-16F7-4668-BE54-9A1E7A4F7556}") = "ShopManagement.Infrastructure.EFCore", "ShopManagement.Infrastructure.EFCore\ShopManagement.Infrastructure.EFCore.csproj", "{B9841583-A713-4089-BEE2-3E6CC3778E4D}"
EndProject
Project("{9A19103F-16F7-4668-BE54-9A1E7A4F7556}") = "ShopManagement.Configuration", "ShopMangement.Configuration\ShopManagement.Configuration.csproj", "{2C008592-C389-4F38-93E8-DF54E9CE4496}"
EndProject
Project("{9A19103F-16F7-4668-BE54-9A1E7A4F7556}") = "ServiceHost", "ServiceHost\ServiceHost.csproj", "{53AF7AE1-40D7-4D2A-8685-F12B60B13E49}"
EndProject
Project("{2150E333-8FDC-42A3-9474-1A3956D46DE8}") = "MyHelp", "MyHelp", "{C59E757E-3665-4628-9610-4EBEAACB86BB}"
EndProject
Project("{2150E333-8FDC-42A3-9474-1A3956D46DE8}") = "Helps-Pic", "Helps-Pic", "{9FFF3E52-CD44-43D8-AD17-B36BC5567FDA}"
	ProjectSection(SolutionItems) = preProject
		..\..\..\..\..\Desktop\Help\Errore in Create Migration.png = ..\..\..\..\..\Desktop\Help\Errore in Create Migration.png
		..\..\..\..\..\Desktop\Help\Errore in Create Migration2.png = ..\..\..\..\..\Desktop\Help\Errore in Create Migration2.png
	EndProjectSection
EndProject
Project("{FAE04EC0-301F-11D3-BF4B-00C04F79EFBC}") = "01_LampSahdeQuery", "01_LampSahdeQuery\01_LampSahdeQuery.csproj", "{0C83F1A7-B56A-425C-94B5-74E6F5F5AE6F}"
EndProject
Global
	GlobalSection(SolutionConfigurationPlatforms) = preSolution
		Debug|Any CPU = Debug|Any CPU
		Release|Any CPU = Release|Any CPU
	EndGlobalSection
	GlobalSection(ProjectConfigurationPlatforms) = postSolution
		{1286A5F7-1769-4F34-9A77-923A8F515368}.Debug|Any CPU.ActiveCfg = Debug|Any CPU
		{1286A5F7-1769-4F34-9A77-923A8F515368}.Debug|Any CPU.Build.0 = Debug|Any CPU
		{1286A5F7-1769-4F34-9A77-923A8F515368}.Release|Any CPU.ActiveCfg = Release|Any CPU
		{1286A5F7-1769-4F34-9A77-923A8F515368}.Release|Any CPU.Build.0 = Release|Any CPU
		{784EBDA6-121E-4FC3-BD45-3AFE1A7CDBC2}.Debug|Any CPU.ActiveCfg = Debug|Any CPU
		{784EBDA6-121E-4FC3-BD45-3AFE1A7CDBC2}.Debug|Any CPU.Build.0 = Debug|Any CPU
		{784EBDA6-121E-4FC3-BD45-3AFE1A7CDBC2}.Release|Any CPU.ActiveCfg = Release|Any CPU
		{784EBDA6-121E-4FC3-BD45-3AFE1A7CDBC2}.Release|Any CPU.Build.0 = Release|Any CPU
		{4182E099-0A3E-4A86-8041-717949AED524}.Debug|Any CPU.ActiveCfg = Debug|Any CPU
		{4182E099-0A3E-4A86-8041-717949AED524}.Debug|Any CPU.Build.0 = Debug|Any CPU
		{4182E099-0A3E-4A86-8041-717949AED524}.Release|Any CPU.ActiveCfg = Release|Any CPU
		{4182E099-0A3E-4A86-8041-717949AED524}.Release|Any CPU.Build.0 = Release|Any CPU
		{674D6F80-A928-4291-BA58-C6F8BA3E1BF3}.Debug|Any CPU.ActiveCfg = Debug|Any CPU
		{674D6F80-A928-4291-BA58-C6F8BA3E1BF3}.Debug|Any CPU.Build.0 = Debug|Any CPU
		{674D6F80-A928-4291-BA58-C6F8BA3E1BF3}.Release|Any CPU.ActiveCfg = Release|Any CPU
		{674D6F80-A928-4291-BA58-C6F8BA3E1BF3}.Release|Any CPU.Build.0 = Release|Any CPU
		{B9841583-A713-4089-BEE2-3E6CC3778E4D}.Debug|Any CPU.ActiveCfg = Debug|Any CPU
		{B9841583-A713-4089-BEE2-3E6CC3778E4D}.Debug|Any CPU.Build.0 = Debug|Any CPU
		{B9841583-A713-4089-BEE2-3E6CC3778E4D}.Release|Any CPU.ActiveCfg = Release|Any CPU
		{B9841583-A713-4089-BEE2-3E6CC3778E4D}.Release|Any CPU.Build.0 = Release|Any CPU
		{2C008592-C389-4F38-93E8-DF54E9CE4496}.Debug|Any CPU.ActiveCfg = Debug|Any CPU
		{2C008592-C389-4F38-93E8-DF54E9CE4496}.Debug|Any CPU.Build.0 = Debug|Any CPU
		{2C008592-C389-4F38-93E8-DF54E9CE4496}.Release|Any CPU.ActiveCfg = Release|Any CPU
		{2C008592-C389-4F38-93E8-DF54E9CE4496}.Release|Any CPU.Build.0 = Release|Any CPU
		{53AF7AE1-40D7-4D2A-8685-F12B60B13E49}.Debug|Any CPU.ActiveCfg = Debug|Any CPU
		{53AF7AE1-40D7-4D2A-8685-F12B60B13E49}.Debug|Any CPU.Build.0 = Debug|Any CPU
		{53AF7AE1-40D7-4D2A-8685-F12B60B13E49}.Release|Any CPU.ActiveCfg = Release|Any CPU
		{53AF7AE1-40D7-4D2A-8685-F12B60B13E49}.Release|Any CPU.Build.0 = Release|Any CPU
		{0C83F1A7-B56A-425C-94B5-74E6F5F5AE6F}.Debug|Any CPU.ActiveCfg = Debug|Any CPU
		{0C83F1A7-B56A-425C-94B5-74E6F5F5AE6F}.Debug|Any CPU.Build.0 = Debug|Any CPU
		{0C83F1A7-B56A-425C-94B5-74E6F5F5AE6F}.Release|Any CPU.ActiveCfg = Release|Any CPU
		{0C83F1A7-B56A-425C-94B5-74E6F5F5AE6F}.Release|Any CPU.Build.0 = Release|Any CPU
	EndGlobalSection
	GlobalSection(SolutionProperties) = preSolution
		HideSolutionNode = FALSE
	EndGlobalSection
	GlobalSection(NestedProjects) = preSolution
		{3D94C859-7133-4D3F-9BBC-210EDB0CA9EE} = {6C5E1BDF-221E-420E-89CD-BCC77C2B9B48}
		{1286A5F7-1769-4F34-9A77-923A8F515368} = {3D94C859-7133-4D3F-9BBC-210EDB0CA9EE}
		{F81BE459-E189-4256-8A8F-5014E9B81708} = {6C5E1BDF-221E-420E-89CD-BCC77C2B9B48}
		{4182E099-0A3E-4A86-8041-717949AED524} = {F81BE459-E189-4256-8A8F-5014E9B81708}
		{674D6F80-A928-4291-BA58-C6F8BA3E1BF3} = {F81BE459-E189-4256-8A8F-5014E9B81708}
		{28B69A5D-9C52-452B-8D1F-117FD66B9C8E} = {6C5E1BDF-221E-420E-89CD-BCC77C2B9B48}
		{B9841583-A713-4089-BEE2-3E6CC3778E4D} = {28B69A5D-9C52-452B-8D1F-117FD66B9C8E}
		{2C008592-C389-4F38-93E8-DF54E9CE4496} = {28B69A5D-9C52-452B-8D1F-117FD66B9C8E}
		{9FFF3E52-CD44-43D8-AD17-B36BC5567FDA} = {C59E757E-3665-4628-9610-4EBEAACB86BB}
	EndGlobalSection
	GlobalSection(ExtensibilityGlobals) = postSolution
		SolutionGuid = {8DD2174D-2A27-4104-900B-70545EB4546A}
	EndGlobalSection
EndGlobal
